
Microsoft Visual Studio Solution File, Format Version 12.00
# Visual Studio 15
Project("{FAE04EC0-301F-11D3-BF4B-00C04F79EFBC}") = "Assembly-CSharp-Editor", "Assembly-CSharp-Editor.csproj", "{C308D2E5-4DD7-59E0-1B9A-4BF2702A3953}"
EndProject
Project("{FAE04EC0-301F-11D3-BF4B-00C04F79EFBC}") = "Assembly-CSharp", "Assembly-CSharp.csproj", "{555F7D3F-EDE6-4AD6-238B-8E1C7CED3F66}"
EndProject
Global
	GlobalSection(SolutionConfigurationPlatforms) = preSolution
		Debug|Any CPU = Debug|Any CPU
		Release|Any CPU = Release|Any CPU
	EndGlobalSection
	GlobalSection(ProjectConfigurationPlatforms) = postSolution
		{C308D2E5-4DD7-59E0-1B9A-4BF2702A3953}.Debug|Any CPU.ActiveCfg = Debug|Any CPU
		{C308D2E5-4DD7-59E0-1B9A-4BF2702A3953}.Debug|Any CPU.Build.0 = Debug|Any CPU
		{C308D2E5-4DD7-59E0-1B9A-4BF2702A3953}.Release|Any CPU.ActiveCfg = Release|Any CPU
		{C308D2E5-4DD7-59E0-1B9A-4BF2702A3953}.Release|Any CPU.Build.0 = Release|Any CPU
		{555F7D3F-EDE6-4AD6-238B-8E1C7CED3F66}.Debug|Any CPU.ActiveCfg = Debug|Any CPU
		{555F7D3F-EDE6-4AD6-238B-8E1C7CED3F66}.Debug|Any CPU.Build.0 = Debug|Any CPU
		{555F7D3F-EDE6-4AD6-238B-8E1C7CED3F66}.Release|Any CPU.ActiveCfg = Release|Any CPU
		{555F7D3F-EDE6-4AD6-238B-8E1C7CED3F66}.Release|Any CPU.Build.0 = Release|Any CPU
	EndGlobalSection
	GlobalSection(SolutionProperties) = preSolution
		HideSolutionNode = FALSE
	EndGlobalSection
EndGlobal
